
Microsoft Visual Studio Solution File, Format Version 12.00
# Visual Studio 2010
Project("{FAE04EC0-301F-11D3-BF4B-00C04F79EFBC}") = "Common", "Common\Common.csproj", "{D151CF21-D0DB-4D33-8946-18DC5B1A8FCB}"
EndProject
Project("{FAE04EC0-301F-11D3-BF4B-00C04F79EFBC}") = "DataAccess", "DataAccess\DataAccess.csproj", "{48DA7FEC-71AA-4595-B06E-C27176E8EB79}"
EndProject
Project("{FAE04EC0-301F-11D3-BF4B-00C04F79EFBC}") = "BusinessLayer", "BusinessLayer\BusinessLayer.csproj", "{327A5637-A75D-4245-8744-735AB2E6A183}"
EndProject
Project("{FAE04EC0-301F-11D3-BF4B-00C04F79EFBC}") = "Traders Marketplace", "Traders Marketplace\Traders Marketplace.csproj", "{50498ABA-F5EE-4BD0-AE2C-36A2468961CA}"
EndProject
Project("{FAE04EC0-301F-11D3-BF4B-00C04F79EFBC}") = "States", "States\States.csproj", "{E2A6F252-975B-4202-8AFC-5306F0C9D8F5}"
EndProject
Project("{FAE04EC0-301F-11D3-BF4B-00C04F79EFBC}") = "TradersMarketplaceTestProject", "TradersMarketplaceTestProject\TradersMarketplaceTestProject.csproj", "{D605AFDE-A0C2-42AE-9384-F99DB31ABB08}"
EndProject
Project("{2150E333-8FDC-42A3-9474-1A3956D46DE8}") = "Solution Items", "Solution Items", "{682D9F26-C8BD-4FFB-BAD5-B8E8BBD99F5A}"
	ProjectSection(SolutionItems) = preProject
		Local.testsettings = Local.testsettings
		TraceAndTestImpact.testsettings = TraceAndTestImpact.testsettings
		Traders Marketplace.vsmdi = Traders Marketplace.vsmdi
	EndProjectSection
EndProject
Global
	GlobalSection(TestCaseManagementSettings) = postSolution
		CategoryFile = Traders Marketplace.vsmdi
	EndGlobalSection
	GlobalSection(SolutionConfigurationPlatforms) = preSolution
		Debug|Any CPU = Debug|Any CPU
		Release|Any CPU = Release|Any CPU
	EndGlobalSection
	GlobalSection(ProjectConfigurationPlatforms) = postSolution
		{D151CF21-D0DB-4D33-8946-18DC5B1A8FCB}.Debug|Any CPU.ActiveCfg = Debug|Any CPU
		{D151CF21-D0DB-4D33-8946-18DC5B1A8FCB}.Debug|Any CPU.Build.0 = Debug|Any CPU
		{D151CF21-D0DB-4D33-8946-18DC5B1A8FCB}.Release|Any CPU.ActiveCfg = Release|Any CPU
		{D151CF21-D0DB-4D33-8946-18DC5B1A8FCB}.Release|Any CPU.Build.0 = Release|Any CPU
		{48DA7FEC-71AA-4595-B06E-C27176E8EB79}.Debug|Any CPU.ActiveCfg = Debug|Any CPU
		{48DA7FEC-71AA-4595-B06E-C27176E8EB79}.Debug|Any CPU.Build.0 = Debug|Any CPU
		{48DA7FEC-71AA-4595-B06E-C27176E8EB79}.Release|Any CPU.ActiveCfg = Release|Any CPU
		{48DA7FEC-71AA-4595-B06E-C27176E8EB79}.Release|Any CPU.Build.0 = Release|Any CPU
		{327A5637-A75D-4245-8744-735AB2E6A183}.Debug|Any CPU.ActiveCfg = Debug|Any CPU
		{327A5637-A75D-4245-8744-735AB2E6A183}.Debug|Any CPU.Build.0 = Debug|Any CPU
		{327A5637-A75D-4245-8744-735AB2E6A183}.Release|Any CPU.ActiveCfg = Release|Any CPU
		{327A5637-A75D-4245-8744-735AB2E6A183}.Release|Any CPU.Build.0 = Release|Any CPU
		{50498ABA-F5EE-4BD0-AE2C-36A2468961CA}.Debug|Any CPU.ActiveCfg = Debug|Any CPU
		{50498ABA-F5EE-4BD0-AE2C-36A2468961CA}.Debug|Any CPU.Build.0 = Debug|Any CPU
		{50498ABA-F5EE-4BD0-AE2C-36A2468961CA}.Release|Any CPU.ActiveCfg = Release|Any CPU
		{50498ABA-F5EE-4BD0-AE2C-36A2468961CA}.Release|Any CPU.Build.0 = Release|Any CPU
		{E2A6F252-975B-4202-8AFC-5306F0C9D8F5}.Debug|Any CPU.ActiveCfg = Debug|Any CPU
		{E2A6F252-975B-4202-8AFC-5306F0C9D8F5}.Debug|Any CPU.Build.0 = Debug|Any CPU
		{E2A6F252-975B-4202-8AFC-5306F0C9D8F5}.Release|Any CPU.ActiveCfg = Release|Any CPU
		{E2A6F252-975B-4202-8AFC-5306F0C9D8F5}.Release|Any CPU.Build.0 = Release|Any CPU
		{D605AFDE-A0C2-42AE-9384-F99DB31ABB08}.Debug|Any CPU.ActiveCfg = Debug|Any CPU
		{D605AFDE-A0C2-42AE-9384-F99DB31ABB08}.Debug|Any CPU.Build.0 = Debug|Any CPU
		{D605AFDE-A0C2-42AE-9384-F99DB31ABB08}.Release|Any CPU.ActiveCfg = Release|Any CPU
		{D605AFDE-A0C2-42AE-9384-F99DB31ABB08}.Release|Any CPU.Build.0 = Release|Any CPU
	EndGlobalSection
	GlobalSection(SolutionProperties) = preSolution
		HideSolutionNode = FALSE
	EndGlobalSection
EndGlobal
